
Microsoft Visual Studio Solution File, Format Version 12.00
# Visual Studio Version 16
VisualStudioVersion = 16.0.29318.209
MinimumVisualStudioVersion = 10.0.40219.1
Project("{FAE04EC0-301F-11D3-BF4B-00C04F79EFBC}") = "Trading", "Trading\Trading.csproj", "{88D542BE-2CC2-46A5-94AE-96A1FE4453FD}"
EndProject
Global
	GlobalSection(SolutionConfigurationPlatforms) = preSolution
		Debug|Any CPU = Debug|Any CPU
		Release|Any CPU = Release|Any CPU
	EndGlobalSection
	GlobalSection(ProjectConfigurationPlatforms) = postSolution
		{88D542BE-2CC2-46A5-94AE-96A1FE4453FD}.Debug|Any CPU.ActiveCfg = Debug|Any CPU
		{88D542BE-2CC2-46A5-94AE-96A1FE4453FD}.Debug|Any CPU.Build.0 = Debug|Any CPU
		{88D542BE-2CC2-46A5-94AE-96A1FE4453FD}.Release|Any CPU.ActiveCfg = Release|Any CPU
		{88D542BE-2CC2-46A5-94AE-96A1FE4453FD}.Release|Any CPU.Build.0 = Release|Any CPU
	EndGlobalSection
	GlobalSection(SolutionProperties) = preSolution
		HideSolutionNode = FALSE
	EndGlobalSection
	GlobalSection(ExtensibilityGlobals) = postSolution
		SolutionGuid = {E501A978-EC21-4B0C-9660-33E56F735022}
	EndGlobalSection
EndGlobal
